
Microsoft Visual Studio Solution File, Format Version 12.00
# Visual Studio Version 17
VisualStudioVersion = 17.0.31903.59
MinimumVisualStudioVersion = 10.0.40219.1
Project("{FAE04EC0-301F-11D3-BF4B-00C04F79EFBC}") = "SmartSpender.Web.API", "SmartSpender.Web.API\SmartSpender.Web.API.csproj", "{ED349716-86AC-41FC-858B-2870AFFD5AC8}"
EndProject
Project("{FAE04EC0-301F-11D3-BF4B-00C04F79EFBC}") = "SmartSpender.API.Tests", "SmartSpender.API.Tests\SmartSpender.API.Tests.csproj", "{A8234876-CB48-410C-B910-EF545E73C063}"
EndProject
Project("{FAE04EC0-301F-11D3-BF4B-00C04F79EFBC}") = "SmartSpender.DataCollector", "SmartSpender.BE\SmartSpender.DataCollector.csproj", "{07D2191C-61DD-4600-866C-EB04A81C5474}"
EndProject
Global
	GlobalSection(SolutionConfigurationPlatforms) = preSolution
		Debug|Any CPU = Debug|Any CPU
		Release|Any CPU = Release|Any CPU
	EndGlobalSection
	GlobalSection(SolutionProperties) = preSolution
		HideSolutionNode = FALSE
	EndGlobalSection
	GlobalSection(ProjectConfigurationPlatforms) = postSolution
		{ED349716-86AC-41FC-858B-2870AFFD5AC8}.Debug|Any CPU.ActiveCfg = Debug|Any CPU
		{ED349716-86AC-41FC-858B-2870AFFD5AC8}.Debug|Any CPU.Build.0 = Debug|Any CPU
		{ED349716-86AC-41FC-858B-2870AFFD5AC8}.Release|Any CPU.ActiveCfg = Release|Any CPU
		{ED349716-86AC-41FC-858B-2870AFFD5AC8}.Release|Any CPU.Build.0 = Release|Any CPU
		{A8234876-CB48-410C-B910-EF545E73C063}.Debug|Any CPU.ActiveCfg = Debug|Any CPU
		{A8234876-CB48-410C-B910-EF545E73C063}.Debug|Any CPU.Build.0 = Debug|Any CPU
		{A8234876-CB48-410C-B910-EF545E73C063}.Release|Any CPU.ActiveCfg = Release|Any CPU
		{A8234876-CB48-410C-B910-EF545E73C063}.Release|Any CPU.Build.0 = Release|Any CPU
		{07D2191C-61DD-4600-866C-EB04A81C5474}.Debug|Any CPU.ActiveCfg = Debug|Any CPU
		{07D2191C-61DD-4600-866C-EB04A81C5474}.Debug|Any CPU.Build.0 = Debug|Any CPU
		{07D2191C-61DD-4600-866C-EB04A81C5474}.Release|Any CPU.ActiveCfg = Release|Any CPU
		{07D2191C-61DD-4600-866C-EB04A81C5474}.Release|Any CPU.Build.0 = Release|Any CPU
	EndGlobalSection
EndGlobal
